
Microsoft Visual Studio Solution File, Format Version 12.00
# Visual Studio Version 17
VisualStudioVersion = 17.7.34031.279
MinimumVisualStudioVersion = 10.0.40219.1
Project("{FAE04EC0-301F-11D3-BF4B-00C04F79EFBC}") = "KeyboardTrainerApp", "KeyboardTrainerApp.csproj", "{735A86B1-7D73-4105-8B8D-134B84C8761D}"
EndProject
Global
	GlobalSection(SolutionConfigurationPlatforms) = preSolution
		Debug|Any CPU = Debug|Any CPU
		Release|Any CPU = Release|Any CPU
	EndGlobalSection
	GlobalSection(ProjectConfigurationPlatforms) = postSolution
		{735A86B1-7D73-4105-8B8D-134B84C8761D}.Debug|Any CPU.ActiveCfg = Debug|Any CPU
		{735A86B1-7D73-4105-8B8D-134B84C8761D}.Debug|Any CPU.Build.0 = Debug|Any CPU
		{735A86B1-7D73-4105-8B8D-134B84C8761D}.Release|Any CPU.ActiveCfg = Release|Any CPU
		{735A86B1-7D73-4105-8B8D-134B84C8761D}.Release|Any CPU.Build.0 = Release|Any CPU
	EndGlobalSection
	GlobalSection(SolutionProperties) = preSolution
		HideSolutionNode = FALSE
	EndGlobalSection
	GlobalSection(ExtensibilityGlobals) = postSolution
		SolutionGuid = {CBA78C83-9A46-4007-AF41-114C7E33DA9D}
	EndGlobalSection
EndGlobal
